
Microsoft Visual Studio Solution File, Format Version 12.00
# Visual Studio Version 16
VisualStudioVersion = 16.0.31613.86
MinimumVisualStudioVersion = 10.0.40219.1
Project("{FAE04EC0-301F-11D3-BF4B-00C04F79EFBC}") = "Forma de captura de datos", "Forma de captura de datos.csproj", "{525A261F-374C-4A23-A967-10E039A4EEA3}"
EndProject
Global
	GlobalSection(SolutionConfigurationPlatforms) = preSolution
		Debug|Any CPU = Debug|Any CPU
		Release|Any CPU = Release|Any CPU
	EndGlobalSection
	GlobalSection(ProjectConfigurationPlatforms) = postSolution
		{525A261F-374C-4A23-A967-10E039A4EEA3}.Debug|Any CPU.ActiveCfg = Debug|Any CPU
		{525A261F-374C-4A23-A967-10E039A4EEA3}.Debug|Any CPU.Build.0 = Debug|Any CPU
		{525A261F-374C-4A23-A967-10E039A4EEA3}.Release|Any CPU.ActiveCfg = Release|Any CPU
		{525A261F-374C-4A23-A967-10E039A4EEA3}.Release|Any CPU.Build.0 = Release|Any CPU
	EndGlobalSection
	GlobalSection(SolutionProperties) = preSolution
		HideSolutionNode = FALSE
	EndGlobalSection
	GlobalSection(ExtensibilityGlobals) = postSolution
		SolutionGuid = {72EE956D-C1CB-427E-A0D1-C763EB3012CA}
	EndGlobalSection
EndGlobal
